# THIS IS AN AUTOGENERATED FILE. DO NOT EDIT THIS FILE DIRECTLY.
# yarn lockfile v1


class-transformer@^0.2.3:
  version "0.2.3"
  resolved "https://registry.yarnpkg.com/class-transformer/-/class-transformer-0.2.3.tgz#598c92ca71dcca73f91ccb875d74a3847ccfa32d"
  integrity sha512-qsP+0xoavpOlJHuYsQJsN58HXSl8Jvveo+T37rEvCEeRfMWoytAyR0Ua/YsFgpM6AZYZ/og2PJwArwzJl1aXtQ==

eslint-plugin-react-hooks@^4.0.4:
  version "4.0.4"
  resolved "https://registry.yarnpkg.com/eslint-plugin-react-hooks/-/eslint-plugin-react-hooks-4.0.4.tgz#aed33b4254a41b045818cacb047b81e6df27fa58"
  integrity sha512-equAdEIsUETLFNCmmCkiCGq6rkSK5MoJhXFPFYeUebcjKgBmWWcgVOqZyQC8Bv1BwVCnTq9tBxgJFgAJTWoJtA==

reflect-metadata@^0.1.13:
  version "0.1.13"
  resolved "https://registry.yarnpkg.com/reflect-metadata/-/reflect-metadata-0.1.13.tgz#67ae3ca57c972a2aa1642b10fe363fe32d49dc08"
  integrity sha512-Ts1Y/anZELhSsjMcU605fU9RE4Oi3p5ORujwbIKXfWa+0Zxs510Qrmrce5/Jowq3cHSZSJqBjypxmHarc+vEWg==
