# THIS IS AN AUTOGENERATED FILE. DO NOT EDIT THIS FILE DIRECTLY.
# yarn lockfile v1


eslint-plugin-react-hooks@^4.0.4:
  version "4.0.4"
  resolved "https://registry.yarnpkg.com/eslint-plugin-react-hooks/-/eslint-plugin-react-hooks-4.0.4.tgz#aed33b4254a41b045818cacb047b81e6df27fa58"
  integrity sha512-equAdEIsUETLFNCmmCkiCGq6rkSK5MoJhXFPFYeUebcjKgBmWWcgVOqZyQC8Bv1BwVCnTq9tBxgJFgAJTWoJtA==
